
Microsoft Visual Studio Solution File, Format Version 12.00
# Visual Studio 15
VisualStudioVersion = 15.0.27428.2002
MinimumVisualStudioVersion = 10.0.40219.1
Project("{FAE04EC0-301F-11D3-BF4B-00C04F79EFBC}") = "WpfApp2", "WpfApp2.csproj", "{F4A69896-1402-4631-BE1E-C61B49F29F4D}"
EndProject
Global
	GlobalSection(SolutionConfigurationPlatforms) = preSolution
		Debug|Any CPU = Debug|Any CPU
		Release|Any CPU = Release|Any CPU
	EndGlobalSection
	GlobalSection(ProjectConfigurationPlatforms) = postSolution
		{F4A69896-1402-4631-BE1E-C61B49F29F4D}.Debug|Any CPU.ActiveCfg = Debug|Any CPU
		{F4A69896-1402-4631-BE1E-C61B49F29F4D}.Debug|Any CPU.Build.0 = Debug|Any CPU
		{F4A69896-1402-4631-BE1E-C61B49F29F4D}.Release|Any CPU.ActiveCfg = Release|Any CPU
		{F4A69896-1402-4631-BE1E-C61B49F29F4D}.Release|Any CPU.Build.0 = Release|Any CPU
	EndGlobalSection
	GlobalSection(SolutionProperties) = preSolution
		HideSolutionNode = FALSE
	EndGlobalSection
	GlobalSection(ExtensibilityGlobals) = postSolution
		SolutionGuid = {DB885A3B-4DFA-4BCC-A4AE-0DEFD152B9C6}
	EndGlobalSection
EndGlobal
